// !$*UTF8*$!
{
	archiveVersion = 1;
	classes = {
	};
	objectVersion = 46;
	objects = {

/* Begin PBXBuildFile section */
		43EED92F1E4A84B5002D11B9 /* ChatViewController.swift in Sources */ = {isa = PBXBuildFile; fileRef = 43EED92E1E4A84B5002D11B9 /* ChatViewController.swift */; };
		43EED9351E4AB419002D11B9 /* messageTableViewCell.swift in Sources */ = {isa = PBXBuildFile; fileRef = 43EED9341E4AB419002D11B9 /* messageTableViewCell.swift */; };
		98E8B0B3148DEA680F8CE6E3 /* Pods_ParseChat.framework in Frameworks */ = {isa = PBXBuildFile; fileRef = EE71E8B27BEABB417FBF9305 /* Pods_ParseChat.framework */; };
		D097FEA91E41783A0018D8F7 /* AppDelegate.swift in Sources */ = {isa = PBXBuildFile; fileRef = D097FEA81E41783A0018D8F7 /* AppDelegate.swift */; };
		D097FEAE1E41783A0018D8F7 /* Main.storyboard in Resources */ = {isa = PBXBuildFile; fileRef = D097FEAC1E41783A0018D8F7 /* Main.storyboard */; };
		D097FEB01E41783A0018D8F7 /* Assets.xcassets in Resources */ = {isa = PBXBuildFile; fileRef = D097FEAF1E41783A0018D8F7 /* Assets.xcassets */; };
		D097FEB31E41783A0018D8F7 /* LaunchScreen.storyboard in Resources */ = {isa = PBXBuildFile; fileRef = D097FEB11E41783A0018D8F7 /* LaunchScreen.storyboard */; };
		D097FEBC1E417C020018D8F7 /* LoginViewController.swift in Sources */ = {isa = PBXBuildFile; fileRef = D097FEBB1E417C020018D8F7 /* LoginViewController.swift */; };
/* End PBXBuildFile section */

/* Begin PBXFileReference section */
		43EED92E1E4A84B5002D11B9 /* ChatViewController.swift */ = {isa = PBXFileReference; fileEncoding = 4; lastKnownFileType = sourcecode.swift; path = ChatViewController.swift; sourceTree = "<group>"; };
		43EED9341E4AB419002D11B9 /* messageTableViewCell.swift */ = {isa = PBXFileReference; fileEncoding = 4; lastKnownFileType = sourcecode.swift; path = messageTableViewCell.swift; sourceTree = "<group>"; };
		51F11FC13358C2A902984D73 /* Pods-ParseChat.release.xcconfig */ = {isa = PBXFileReference; includeInIndex = 1; lastKnownFileType = text.xcconfig; name = "Pods-ParseChat.release.xcconfig"; path = "Pods/Target Support Files/Pods-ParseChat/Pods-ParseChat.release.xcconfig"; sourceTree = "<group>"; };
		83F61E78E392B8EC6B4065AC /* Pods-ParseChat.debug.xcconfig */ = {isa = PBXFileReference; includeInIndex = 1; lastKnownFileType = text.xcconfig; name = "Pods-ParseChat.debug.xcconfig"; path = "Pods/Target Support Files/Pods-ParseChat/Pods-ParseChat.debug.xcconfig"; sourceTree = "<group>"; };
		D097FEA51E41783A0018D8F7 /* ParseChat.app */ = {isa = PBXFileReference; explicitFileType = wrapper.application; includeInIndex = 0; path = ParseChat.app; sourceTree = BUILT_PRODUCTS_DIR; };
		D097FEA81E41783A0018D8F7 /* AppDelegate.swift */ = {isa = PBXFileReference; lastKnownFileType = sourcecode.swift; path = AppDelegate.swift; sourceTree = "<group>"; };
		D097FEAD1E41783A0018D8F7 /* Base */ = {isa = PBXFileReference; lastKnownFileType = file.storyboard; name = Base; path = Base.lproj/Main.storyboard; sourceTree = "<group>"; };
		D097FEAF1E41783A0018D8F7 /* Assets.xcassets */ = {isa = PBXFileReference; lastKnownFileType = folder.assetcatalog; path = Assets.xcassets; sourceTree = "<group>"; };
		D097FEB21E41783A0018D8F7 /* Base */ = {isa = PBXFileReference; lastKnownFileType = file.storyboard; name = Base; path = Base.lproj/LaunchScreen.storyboard; sourceTree = "<group>"; };
		D097FEB41E41783A0018D8F7 /* Info.plist */ = {isa = PBXFileReference; lastKnownFileType = text.plist.xml; path = Info.plist; sourceTree = "<group>"; };
		D097FEBB1E417C020018D8F7 /* LoginViewController.swift */ = {isa = PBXFileReference; fileEncoding = 4; lastKnownFileType = sourcecode.swift; path = LoginViewController.swift; sourceTree = "<group>"; };
		EE71E8B27BEABB417FBF9305 /* Pods_ParseChat.framework */ = {isa = PBXFileReference; explicitFileType = wrapper.framework; includeInIndex = 0; path = Pods_ParseChat.framework; sourceTree = BUILT_PRODUCTS_DIR; };
/* End PBXFileReference section */

/* Begin PBXFrameworksBuildPhase section */
		D097FEA21E41783A0018D8F7 /* Frameworks */ = {
			isa = PBXFrameworksBuildPhase;
			buildActionMask = 2147483647;
			files = (
				98E8B0B3148DEA680F8CE6E3 /* Pods_ParseChat.framework in Frameworks */,
			);
			runOnlyForDeploymentPostprocessing = 0;
		};
/* End PBXFrameworksBuildPhase section */

/* Begin PBXGroup section */
		1B933131461214C91B3D7759 /* Frameworks */ = {
			isa = PBXGroup;
			children = (
				EE71E8B27BEABB417FBF9305 /* Pods_ParseChat.framework */,
			);
			name = Frameworks;
			sourceTree = "<group>";
		};
		43EED9311E4AB3C9002D11B9 /* Class */ = {
			isa = PBXGroup;
			children = (
				43EED9341E4AB419002D11B9 /* messageTableViewCell.swift */,
			);
			name = Class;
			sourceTree = "<group>";
		};
		B83090C2C085CFE2B7529D52 /* Pods */ = {
			isa = PBXGroup;
			children = (
				83F61E78E392B8EC6B4065AC /* Pods-ParseChat.debug.xcconfig */,
				51F11FC13358C2A902984D73 /* Pods-ParseChat.release.xcconfig */,
			);
			name = Pods;
			sourceTree = "<group>";
		};
		D097FE9C1E41783A0018D8F7 = {
			isa = PBXGroup;
			children = (
				D097FEA71E41783A0018D8F7 /* ParseChat */,
				D097FEA61E41783A0018D8F7 /* Products */,
				B83090C2C085CFE2B7529D52 /* Pods */,
				1B933131461214C91B3D7759 /* Frameworks */,
			);
			sourceTree = "<group>";
		};
		D097FEA61E41783A0018D8F7 /* Products */ = {
			isa = PBXGroup;
			children = (
				D097FEA51E41783A0018D8F7 /* ParseChat.app */,
			);
			name = Products;
			sourceTree = "<group>";
		};
		D097FEA71E41783A0018D8F7 /* ParseChat */ = {
			isa = PBXGroup;
			children = (
				D097FEBA1E4179760018D8F7 /* ViewControllers */,
				43EED9311E4AB3C9002D11B9 /* Class */,
				D097FEA81E41783A0018D8F7 /* AppDelegate.swift */,
				D097FEAC1E41783A0018D8F7 /* Main.storyboard */,
				D097FEAF1E41783A0018D8F7 /* Assets.xcassets */,
				D097FEB11E41783A0018D8F7 /* LaunchScreen.storyboard */,
				D097FEB41E41783A0018D8F7 /* Info.plist */,
			);
			path = ParseChat;
			sourceTree = "<group>";
		};
		D097FEBA1E4179760018D8F7 /* ViewControllers */ = {
			isa = PBXGroup;
			children = (
				D097FEBB1E417C020018D8F7 /* LoginViewController.swift */,
				43EED92E1E4A84B5002D11B9 /* ChatViewController.swift */,
			);
			name = ViewControllers;
			sourceTree = "<group>";
		};
/* End PBXGroup section */

/* Begin PBXNativeTarget section */
		D097FEA41E41783A0018D8F7 /* ParseChat */ = {
			isa = PBXNativeTarget;
			buildConfigurationList = D097FEB71E41783A0018D8F7 /* Build configuration list for PBXNativeTarget "ParseChat" */;
			buildPhases = (
				9A012E37E5DAB4A2DF16690C /* [CP] Check Pods Manifest.lock */,
				D097FEA11E41783A0018D8F7 /* Sources */,
				D097FEA21E41783A0018D8F7 /* Frameworks */,
				D097FEA31E41783A0018D8F7 /* Resources */,
				9E9241B2C1F501D1347CD6EC /* [CP] Embed Pods Frameworks */,
				F8C2EFBCFC37BDDF6AD4DF76 /* [CP] Copy Pods Resources */,
			);
			buildRules = (
			);
			dependencies = (
			);
			name = ParseChat;
			productName = ParseChat;
			productReference = D097FEA51E41783A0018D8F7 /* ParseChat.app */;
			productType = "com.apple.product-type.application";
		};
/* End PBXNativeTarget section */

/* Begin PBXProject section */
		D097FE9D1E41783A0018D8F7 /* Project object */ = {
			isa = PBXProject;
			attributes = {
				LastSwiftUpdateCheck = 0720;
				LastUpgradeCheck = 0720;
				ORGANIZATIONNAME = CodePath;
				TargetAttributes = {
					D097FEA41E41783A0018D8F7 = {
						CreatedOnToolsVersion = 7.2;
						LastSwiftMigration = 0820;
					};
				};
			};
			buildConfigurationList = D097FEA01E41783A0018D8F7 /* Build configuration list for PBXProject "ParseChat" */;
			compatibilityVersion = "Xcode 3.2";
			developmentRegion = English;
			hasScannedForEncodings = 0;
			knownRegions = (
				en,
				Base,
			);
			mainGroup = D097FE9C1E41783A0018D8F7;
			productRefGroup = D097FEA61E41783A0018D8F7 /* Products */;
			projectDirPath = "";
			projectRoot = "";
			targets = (
				D097FEA41E41783A0018D8F7 /* ParseChat */,
			);
		};
/* End PBXProject section */

/* Begin PBXResourcesBuildPhase section */
		D097FEA31E41783A0018D8F7 /* Resources */ = {
			isa = PBXResourcesBuildPhase;
			buildActionMask = 2147483647;
			files = (
				D097FEB31E41783A0018D8F7 /* LaunchScreen.storyboard in Resources */,
				D097FEB01E41783A0018D8F7 /* Assets.xcassets in Resources */,
				D097FEAE1E41783A0018D8F7 /* Main.storyboard in Resources */,
			);
			runOnlyForDeploymentPostprocessing = 0;
		};
/* End PBXResourcesBuildPhase section */

/* Begin PBXShellScriptBuildPhase section */
		9A012E37E5DAB4A2DF16690C /* [CP] Check Pods Manifest.lock */ = {
			isa = PBXShellScriptBuildPhase;
			buildActionMask = 2147483647;
			files = (
			);
			inputPaths = (
			);
			name = "[CP] Check Pods Manifest.lock";
			outputPaths = (
			);
			runOnlyForDeploymentPostprocessing = 0;
			shellPath = /bin/sh;
			shellScript = "diff \"${PODS_ROOT}/../Podfile.lock\" \"${PODS_ROOT}/Manifest.lock\" > /dev/null\nif [ $? != 0 ] ; then\n    # print error to STDERR\n    echo \"error: The sandbox is not in sync with the Podfile.lock. Run 'pod install' or update your CocoaPods installation.\" >&2\n    exit 1\nfi\n";
			showEnvVarsInLog = 0;
		};
		9E9241B2C1F501D1347CD6EC /* [CP] Embed Pods Frameworks */ = {
			isa = PBXShellScriptBuildPhase;
			buildActionMask = 2147483647;
			files = (
			);
			inputPaths = (
			);
			name = "[CP] Embed Pods Frameworks";
			outputPaths = (
			);
			runOnlyForDeploymentPostprocessing = 0;
			shellPath = /bin/sh;
			shellScript = "\"${SRCROOT}/Pods/Target Support Files/Pods-ParseChat/Pods-ParseChat-frameworks.sh\"\n";
			showEnvVarsInLog = 0;
		};
		F8C2EFBCFC37BDDF6AD4DF76 /* [CP] Copy Pods Resources */ = {
			isa = PBXShellScriptBuildPhase;
			buildActionMask = 2147483647;
			files = (
			);
			inputPaths = (
			);
			name = "[CP] Copy Pods Resources";
			outputPaths = (
			);
			runOnlyForDeploymentPostprocessing = 0;
			shellPath = /bin/sh;
			shellScript = "\"${SRCROOT}/Pods/Target Support Files/Pods-ParseChat/Pods-ParseChat-resources.sh\"\n";
			showEnvVarsInLog = 0;
		};
/* End PBXShellScriptBuildPhase section */

/* Begin PBXSourcesBuildPhase section */
		D097FEA11E41783A0018D8F7 /* Sources */ = {
			isa = PBXSourcesBuildPhase;
			buildActionMask = 2147483647;
			files = (
				D097FEBC1E417C020018D8F7 /* LoginViewController.swift in Sources */,
				43EED9351E4AB419002D11B9 /* messageTableViewCell.swift in Sources */,
				43EED92F1E4A84B5002D11B9 /* ChatViewController.swift in Sources */,
				D097FEA91E41783A0018D8F7 /* AppDelegate.swift in Sources */,
			);
			runOnlyForDeploymentPostprocessing = 0;
		};
/* End PBXSourcesBuildPhase section */

/* Begin PBXVariantGroup section */
		D097FEAC1E41783A0018D8F7 /* Main.storyboard */ = {
			isa = PBXVariantGroup;
			children = (
				D097FEAD1E41783A0018D8F7 /* Base */,
			);
			name = Main.storyboard;
			sourceTree = "<group>";
		};
		D097FEB11E41783A0018D8F7 /* LaunchScreen.storyboard */ = {
			isa = PBXVariantGroup;
			children = (
				D097FEB21E41783A0018D8F7 /* Base */,
			);
			name = LaunchScreen.storyboard;
			sourceTree = "<group>";
		};
/* End PBXVariantGroup section */

/* Begin XCBuildConfiguration section */
		D097FEB51E41783A0018D8F7 /* Debug */ = {
			isa = XCBuildConfiguration;
			buildSettings = {
				ALWAYS_SEARCH_USER_PATHS = NO;
				CLANG_CXX_LANGUAGE_STANDARD = "gnu++0x";
				CLANG_CXX_LIBRARY = "libc++";
				CLANG_ENABLE_MODULES = YES;
				CLANG_ENABLE_OBJC_ARC = YES;
				CLANG_WARN_BOOL_CONVERSION = YES;
				CLANG_WARN_CONSTANT_CONVERSION = YES;
				CLANG_WARN_DIRECT_OBJC_ISA_USAGE = YES_ERROR;
				CLANG_WARN_EMPTY_BODY = YES;
				CLANG_WARN_ENUM_CONVERSION = YES;
				CLANG_WARN_INT_CONVERSION = YES;
				CLANG_WARN_OBJC_ROOT_CLASS = YES_ERROR;
				CLANG_WARN_UNREACHABLE_CODE = YES;
				CLANG_WARN__DUPLICATE_METHOD_MATCH = YES;
				"CODE_SIGN_IDENTITY[sdk=iphoneos*]" = "iPhone Developer";
				COPY_PHASE_STRIP = NO;
				DEBUG_INFORMATION_FORMAT = dwarf;
				ENABLE_STRICT_OBJC_MSGSEND = YES;
				ENABLE_TESTABILITY = YES;
				GCC_C_LANGUAGE_STANDARD = gnu99;
				GCC_DYNAMIC_NO_PIC = NO;
				GCC_NO_COMMON_BLOCKS = YES;
				GCC_OPTIMIZATION_LEVEL = 0;
				GCC_PREPROCESSOR_DEFINITIONS = (
					"DEBUG=1",
					"$(inherited)",
				);
				GCC_WARN_64_TO_32_BIT_CONVERSION = YES;
				GCC_WARN_ABOUT_RETURN_TYPE = YES_ERROR;
				GCC_WARN_UNDECLARED_SELECTOR = YES;
				GCC_WARN_UNINITIALIZED_AUTOS = YES_AGGRESSIVE;
				GCC_WARN_UNUSED_FUNCTION = YES;
				GCC_WARN_UNUSED_VARIABLE = YES;
				IPHONEOS_DEPLOYMENT_TARGET = 9.2;
				MTL_ENABLE_DEBUG_INFO = YES;
				ONLY_ACTIVE_ARCH = YES;
				SDKROOT = iphoneos;
				SWIFT_OPTIMIZATION_LEVEL = "-Onone";
				TARGETED_DEVICE_FAMILY = "1,2";
			};
			name = Debug;
		};
		D097FEB61E41783A0018D8F7 /* Release */ = {
			isa = XCBuildConfiguration;
			buildSettings = {
				ALWAYS_SEARCH_USER_PATHS = NO;
				CLANG_CXX_LANGUAGE_STANDARD = "gnu++0x";
				CLANG_CXX_LIBRARY = "libc++";
				CLANG_ENABLE_MODULES = YES;
				CLANG_ENABLE_OBJC_ARC = YES;
				CLANG_WARN_BOOL_CONVERSION = YES;
				CLANG_WARN_CONSTANT_CONVERSION = YES;
				CLANG_WARN_DIRECT_OBJC_ISA_USAGE = YES_ERROR;
				CLANG_WARN_EMPTY_BODY = YES;
				CLANG_WARN_ENUM_CONVERSION = YES;
				CLANG_WARN_INT_CONVERSION = YES;
				CLANG_WARN_OBJC_ROOT_CLASS = YES_ERROR;
				CLANG_WARN_UNREACHABLE_CODE = YES;
				CLANG_WARN__DUPLICATE_METHOD_MATCH = YES;
				"CODE_SIGN_IDENTITY[sdk=iphoneos*]" = "iPhone Developer";
				COPY_PHASE_STRIP = NO;
				DEBUG_INFORMATION_FORMAT = "dwarf-with-dsym";
				ENABLE_NS_ASSERTIONS = NO;
				ENABLE_STRICT_OBJC_MSGSEND = YES;
				GCC_C_LANGUAGE_STANDARD = gnu99;
				GCC_NO_COMMON_BLOCKS = YES;
				GCC_WARN_64_TO_32_BIT_CONVERSION = YES;
				GCC_WARN_ABOUT_RETURN_TYPE = YES_ERROR;
				GCC_WARN_UNDECLARED_SELECTOR = YES;
				GCC_WARN_UNINITIALIZED_AUTOS = YES_AGGRESSIVE;
				GCC_WARN_UNUSED_FUNCTION = YES;
				GCC_WARN_UNUSED_VARIABLE = YES;
				IPHONEOS_DEPLOYMENT_TARGET = 9.2;
				MTL_ENABLE_DEBUG_INFO = NO;
				SDKROOT = iphoneos;
				TARGETED_DEVICE_FAMILY = "1,2";
				VALIDATE_PRODUCT = YES;
			};
			name = Release;
		};
		D097FEB81E41783A0018D8F7 /* Debug */ = {
			isa = XCBuildConfiguration;
			baseConfigurationReference = 83F61E78E392B8EC6B4065AC /* Pods-ParseChat.debug.xcconfig */;
			buildSettings = {
				ASSETCATALOG_COMPILER_APPICON_NAME = AppIcon;
				INFOPLIST_FILE = ParseChat/Info.plist;
				LD_RUNPATH_SEARCH_PATHS = "$(inherited) @executable_path/Frameworks";
				PRODUCT_BUNDLE_IDENTIFIER = ptle.ParseChat;
				PRODUCT_NAME = "$(TARGET_NAME)";
				SWIFT_VERSION = 3.0;
			};
			name = Debug;
		};
		D097FEB91E41783A0018D8F7 /* Release */ = {
			isa = XCBuildConfiguration;
			baseConfigurationReference = 51F11FC13358C2A902984D73 /* Pods-ParseChat.release.xcconfig */;
			buildSettings = {
				ASSETCATALOG_COMPILER_APPICON_NAME = AppIcon;
				INFOPLIST_FILE = ParseChat/Info.plist;
				LD_RUNPATH_SEARCH_PATHS = "$(inherited) @executable_path/Frameworks";
				PRODUCT_BUNDLE_IDENTIFIER = ptle.ParseChat;
				PRODUCT_NAME = "$(TARGET_NAME)";
				SWIFT_VERSION = 3.0;
			};
			name = Release;
		};
/* End XCBuildConfiguration section */

/* Begin XCConfigurationList section */
		D097FEA01E41783A0018D8F7 /* Build configuration list for PBXProject "ParseChat" */ = {
			isa = XCConfigurationList;
			buildConfigurations = (
				D097FEB51E41783A0018D8F7 /* Debug */,
				D097FEB61E41783A0018D8F7 /* Release */,
			);
			defaultConfigurationIsVisible = 0;
			defaultConfigurationName = Release;
		};
		D097FEB71E41783A0018D8F7 /* Build configuration list for PBXNativeTarget "ParseChat" */ = {
			isa = XCConfigurationList;
			buildConfigurations = (
				D097FEB81E41783A0018D8F7 /* Debug */,
				D097FEB91E41783A0018D8F7 /* Release */,
			);
			defaultConfigurationIsVisible = 0;
			defaultConfigurationName = Release;
		};
/* End XCConfigurationList section */
	};
	rootObject = D097FE9D1E41783A0018D8F7 /* Project object */;
}
